
Microsoft Visual Studio Solution File, Format Version 12.00
# Visual Studio Version 17
VisualStudioVersion = 17.3.32922.545
MinimumVisualStudioVersion = 10.0.40219.1
Project("{FAE04EC0-301F-11D3-BF4B-00C04F79EFBC}") = "EndProject", "EndProject\EndProject.csproj", "{EDC6CCA1-4FC8-47AF-B4BF-1BDF64623C28}"
	ProjectSection(ProjectDependencies) = postProject
		{18DA02A1-24DA-46D9-8ECA-DD72B7E4D890} = {18DA02A1-24DA-46D9-8ECA-DD72B7E4D890}
		{1AB0CE01-3745-4E76-B3E7-FFACB4C6D624} = {1AB0CE01-3745-4E76-B3E7-FFACB4C6D624}
	EndProjectSection
EndProject
Project("{FAE04EC0-301F-11D3-BF4B-00C04F79EFBC}") = "BAL", "BAL\BAL.csproj", "{1AB0CE01-3745-4E76-B3E7-FFACB4C6D624}"
EndProject
Project("{FAE04EC0-301F-11D3-BF4B-00C04F79EFBC}") = "dallibrary", "dallibrary\dallibrary.csproj", "{18DA02A1-24DA-46D9-8ECA-DD72B7E4D890}"
	ProjectSection(ProjectDependencies) = postProject
		{1AB0CE01-3745-4E76-B3E7-FFACB4C6D624} = {1AB0CE01-3745-4E76-B3E7-FFACB4C6D624}
	EndProjectSection
EndProject
Global
	GlobalSection(SolutionConfigurationPlatforms) = preSolution
		Debug|Any CPU = Debug|Any CPU
		Release|Any CPU = Release|Any CPU
	EndGlobalSection
	GlobalSection(ProjectConfigurationPlatforms) = postSolution
		{EDC6CCA1-4FC8-47AF-B4BF-1BDF64623C28}.Debug|Any CPU.ActiveCfg = Debug|Any CPU
		{EDC6CCA1-4FC8-47AF-B4BF-1BDF64623C28}.Debug|Any CPU.Build.0 = Debug|Any CPU
		{EDC6CCA1-4FC8-47AF-B4BF-1BDF64623C28}.Release|Any CPU.ActiveCfg = Release|Any CPU
		{EDC6CCA1-4FC8-47AF-B4BF-1BDF64623C28}.Release|Any CPU.Build.0 = Release|Any CPU
		{1AB0CE01-3745-4E76-B3E7-FFACB4C6D624}.Debug|Any CPU.ActiveCfg = Debug|Any CPU
		{1AB0CE01-3745-4E76-B3E7-FFACB4C6D624}.Debug|Any CPU.Build.0 = Debug|Any CPU
		{1AB0CE01-3745-4E76-B3E7-FFACB4C6D624}.Release|Any CPU.ActiveCfg = Release|Any CPU
		{1AB0CE01-3745-4E76-B3E7-FFACB4C6D624}.Release|Any CPU.Build.0 = Release|Any CPU
		{18DA02A1-24DA-46D9-8ECA-DD72B7E4D890}.Debug|Any CPU.ActiveCfg = Debug|Any CPU
		{18DA02A1-24DA-46D9-8ECA-DD72B7E4D890}.Debug|Any CPU.Build.0 = Debug|Any CPU
		{18DA02A1-24DA-46D9-8ECA-DD72B7E4D890}.Release|Any CPU.ActiveCfg = Release|Any CPU
		{18DA02A1-24DA-46D9-8ECA-DD72B7E4D890}.Release|Any CPU.Build.0 = Release|Any CPU
	EndGlobalSection
	GlobalSection(SolutionProperties) = preSolution
		HideSolutionNode = FALSE
	EndGlobalSection
	GlobalSection(ExtensibilityGlobals) = postSolution
		SolutionGuid = {303CE228-1267-4452-9A37-66BD85731D5A}
	EndGlobalSection
EndGlobal
